// !$*UTF8*$!
{
	archiveVersion = 1;
	classes = {
	};
	objectVersion = 55;
	objects = {

/* Begin PBXBuildFile section */
		2C8DEC532892C3B900FAFDC2 /* YoutubePlayer.swift in Sources */ = {isa = PBXBuildFile; fileRef = 2C8DEC522892C3B900FAFDC2 /* YoutubePlayer.swift */; };
		2C8DEC562892D48C00FAFDC2 /* YouTubePlayerKit in Frameworks */ = {isa = PBXBuildFile; productRef = 2C8DEC552892D48C00FAFDC2 /* YouTubePlayerKit */; };
		2C8DEC582893200F00FAFDC2 /* PayView.swift in Sources */ = {isa = PBXBuildFile; fileRef = 2C8DEC572893200F00FAFDC2 /* PayView.swift */; };
		2CB064CB2890398E00F69DC8 /* ViewModel.swift in Sources */ = {isa = PBXBuildFile; fileRef = 2CB064CA2890398E00F69DC8 /* ViewModel.swift */; };
		2CB064CD2890506000F69DC8 /* ListView.swift in Sources */ = {isa = PBXBuildFile; fileRef = 2CB064CC2890506000F69DC8 /* ListView.swift */; };
		2CB064CF2890536900F69DC8 /* Model.swift in Sources */ = {isa = PBXBuildFile; fileRef = 2CB064CE2890536900F69DC8 /* Model.swift */; };
		2CD760CE2891B34000FB5321 /* MoviesDetailPage.swift in Sources */ = {isa = PBXBuildFile; fileRef = 2CD760CD2891B34000FB5321 /* MoviesDetailPage.swift */; };
		2CD760D22891D2D000FB5321 /* SelectSeat.swift in Sources */ = {isa = PBXBuildFile; fileRef = 2CD760D12891D2CF00FB5321 /* SelectSeat.swift */; };
		2CEAC5F728902CC600A900D6 /* MovieProjectApp.swift in Sources */ = {isa = PBXBuildFile; fileRef = 2CEAC5F628902CC600A900D6 /* MovieProjectApp.swift */; };
		2CEAC5F928902CC600A900D6 /* ContentView.swift in Sources */ = {isa = PBXBuildFile; fileRef = 2CEAC5F828902CC600A900D6 /* ContentView.swift */; };
		2CEAC5FB28902CC900A900D6 /* Assets.xcassets in Resources */ = {isa = PBXBuildFile; fileRef = 2CEAC5FA28902CC900A900D6 /* Assets.xcassets */; };
		2CEAC5FE28902CC900A900D6 /* Preview Assets.xcassets in Resources */ = {isa = PBXBuildFile; fileRef = 2CEAC5FD28902CC900A900D6 /* Preview Assets.xcassets */; };
/* End PBXBuildFile section */

/* Begin PBXFileReference section */
		2C8DEC522892C3B900FAFDC2 /* YoutubePlayer.swift */ = {isa = PBXFileReference; lastKnownFileType = sourcecode.swift; path = YoutubePlayer.swift; sourceTree = "<group>"; };
		2C8DEC572893200F00FAFDC2 /* PayView.swift */ = {isa = PBXFileReference; lastKnownFileType = sourcecode.swift; path = PayView.swift; sourceTree = "<group>"; };
		2CB064CA2890398E00F69DC8 /* ViewModel.swift */ = {isa = PBXFileReference; lastKnownFileType = sourcecode.swift; path = ViewModel.swift; sourceTree = "<group>"; };
		2CB064CC2890506000F69DC8 /* ListView.swift */ = {isa = PBXFileReference; lastKnownFileType = sourcecode.swift; path = ListView.swift; sourceTree = "<group>"; };
		2CB064CE2890536900F69DC8 /* Model.swift */ = {isa = PBXFileReference; lastKnownFileType = sourcecode.swift; path = Model.swift; sourceTree = "<group>"; };
		2CD760CD2891B34000FB5321 /* MoviesDetailPage.swift */ = {isa = PBXFileReference; lastKnownFileType = sourcecode.swift; path = MoviesDetailPage.swift; sourceTree = "<group>"; };
		2CD760D12891D2CF00FB5321 /* SelectSeat.swift */ = {isa = PBXFileReference; lastKnownFileType = sourcecode.swift; path = SelectSeat.swift; sourceTree = "<group>"; };
		2CEAC5F328902CC600A900D6 /* MovieProject.app */ = {isa = PBXFileReference; explicitFileType = wrapper.application; includeInIndex = 0; path = MovieProject.app; sourceTree = BUILT_PRODUCTS_DIR; };
		2CEAC5F628902CC600A900D6 /* MovieProjectApp.swift */ = {isa = PBXFileReference; lastKnownFileType = sourcecode.swift; path = MovieProjectApp.swift; sourceTree = "<group>"; };
		2CEAC5F828902CC600A900D6 /* ContentView.swift */ = {isa = PBXFileReference; lastKnownFileType = sourcecode.swift; path = ContentView.swift; sourceTree = "<group>"; };
		2CEAC5FA28902CC900A900D6 /* Assets.xcassets */ = {isa = PBXFileReference; lastKnownFileType = folder.assetcatalog; path = Assets.xcassets; sourceTree = "<group>"; };
		2CEAC5FD28902CC900A900D6 /* Preview Assets.xcassets */ = {isa = PBXFileReference; lastKnownFileType = folder.assetcatalog; path = "Preview Assets.xcassets"; sourceTree = "<group>"; };
/* End PBXFileReference section */

/* Begin PBXFrameworksBuildPhase section */
		2CEAC5F028902CC600A900D6 /* Frameworks */ = {
			isa = PBXFrameworksBuildPhase;
			buildActionMask = 2147483647;
			files = (
				2C8DEC562892D48C00FAFDC2 /* YouTubePlayerKit in Frameworks */,
			);
			runOnlyForDeploymentPostprocessing = 0;
		};
/* End PBXFrameworksBuildPhase section */

/* Begin PBXGroup section */
		2CEAC5EA28902CC600A900D6 = {
			isa = PBXGroup;
			children = (
				2CEAC5F528902CC600A900D6 /* MovieProject */,
				2CEAC5F428902CC600A900D6 /* Products */,
			);
			sourceTree = "<group>";
		};
		2CEAC5F428902CC600A900D6 /* Products */ = {
			isa = PBXGroup;
			children = (
				2CEAC5F328902CC600A900D6 /* MovieProject.app */,
			);
			name = Products;
			sourceTree = "<group>";
		};
		2CEAC5F528902CC600A900D6 /* MovieProject */ = {
			isa = PBXGroup;
			children = (
				2CEAC5F628902CC600A900D6 /* MovieProjectApp.swift */,
				2CEAC60628902F3900A900D6 /* Model */,
				2CEAC60528902F2C00A900D6 /* ViewModel */,
				2CEAC60428902F2000A900D6 /* Views */,
				2CEAC5FA28902CC900A900D6 /* Assets.xcassets */,
				2CEAC5FC28902CC900A900D6 /* Preview Content */,
			);
			path = MovieProject;
			sourceTree = "<group>";
		};
		2CEAC5FC28902CC900A900D6 /* Preview Content */ = {
			isa = PBXGroup;
			children = (
				2CEAC5FD28902CC900A900D6 /* Preview Assets.xcassets */,
			);
			path = "Preview Content";
			sourceTree = "<group>";
		};
		2CEAC60428902F2000A900D6 /* Views */ = {
			isa = PBXGroup;
			children = (
				2CEAC5F828902CC600A900D6 /* ContentView.swift */,
				2CB064CC2890506000F69DC8 /* ListView.swift */,
				2CD760CD2891B34000FB5321 /* MoviesDetailPage.swift */,
				2CD760D12891D2CF00FB5321 /* SelectSeat.swift */,
				2C8DEC522892C3B900FAFDC2 /* YoutubePlayer.swift */,
				2C8DEC572893200F00FAFDC2 /* PayView.swift */,
			);
			path = Views;
			sourceTree = "<group>";
		};
		2CEAC60528902F2C00A900D6 /* ViewModel */ = {
			isa = PBXGroup;
			children = (
				2CB064CA2890398E00F69DC8 /* ViewModel.swift */,
			);
			path = ViewModel;
			sourceTree = "<group>";
		};
		2CEAC60628902F3900A900D6 /* Model */ = {
			isa = PBXGroup;
			children = (
				2CB064CE2890536900F69DC8 /* Model.swift */,
			);
			path = Model;
			sourceTree = "<group>";
		};
/* End PBXGroup section */

/* Begin PBXNativeTarget section */
		2CEAC5F228902CC600A900D6 /* MovieProject */ = {
			isa = PBXNativeTarget;
			buildConfigurationList = 2CEAC60128902CC900A900D6 /* Build configuration list for PBXNativeTarget "MovieProject" */;
			buildPhases = (
				2CEAC5EF28902CC600A900D6 /* Sources */,
				2CEAC5F028902CC600A900D6 /* Frameworks */,
				2CEAC5F128902CC600A900D6 /* Resources */,
			);
			buildRules = (
			);
			dependencies = (
			);
			name = MovieProject;
			packageProductDependencies = (
				2C8DEC552892D48C00FAFDC2 /* YouTubePlayerKit */,
			);
			productName = MovieProject;
			productReference = 2CEAC5F328902CC600A900D6 /* MovieProject.app */;
			productType = "com.apple.product-type.application";
		};
/* End PBXNativeTarget section */

/* Begin PBXProject section */
		2CEAC5EB28902CC600A900D6 /* Project object */ = {
			isa = PBXProject;
			attributes = {
				BuildIndependentTargetsInParallel = 1;
				LastSwiftUpdateCheck = 1320;
				LastUpgradeCheck = 1320;
				TargetAttributes = {
					2CEAC5F228902CC600A900D6 = {
						CreatedOnToolsVersion = 13.2.1;
					};
				};
			};
			buildConfigurationList = 2CEAC5EE28902CC600A900D6 /* Build configuration list for PBXProject "MovieProject" */;
			compatibilityVersion = "Xcode 13.0";
			developmentRegion = en;
			hasScannedForEncodings = 0;
			knownRegions = (
				en,
				Base,
			);
			mainGroup = 2CEAC5EA28902CC600A900D6;
			packageReferences = (
				2C8DEC542892D48C00FAFDC2 /* XCRemoteSwiftPackageReference "YouTubePlayerKit" */,
			);
			productRefGroup = 2CEAC5F428902CC600A900D6 /* Products */;
			projectDirPath = "";
			projectRoot = "";
			targets = (
				2CEAC5F228902CC600A900D6 /* MovieProject */,
			);
		};
/* End PBXProject section */

/* Begin PBXResourcesBuildPhase section */
		2CEAC5F128902CC600A900D6 /* Resources */ = {
			isa = PBXResourcesBuildPhase;
			buildActionMask = 2147483647;
			files = (
				2CEAC5FE28902CC900A900D6 /* Preview Assets.xcassets in Resources */,
				2CEAC5FB28902CC900A900D6 /* Assets.xcassets in Resources */,
			);
			runOnlyForDeploymentPostprocessing = 0;
		};
/* End PBXResourcesBuildPhase section */

/* Begin PBXSourcesBuildPhase section */
		2CEAC5EF28902CC600A900D6 /* Sources */ = {
			isa = PBXSourcesBuildPhase;
			buildActionMask = 2147483647;
			files = (
				2CB064CF2890536900F69DC8 /* Model.swift in Sources */,
				2CD760D22891D2D000FB5321 /* SelectSeat.swift in Sources */,
				2CB064CD2890506000F69DC8 /* ListView.swift in Sources */,
				2CD760CE2891B34000FB5321 /* MoviesDetailPage.swift in Sources */,
				2CEAC5F928902CC600A900D6 /* ContentView.swift in Sources */,
				2C8DEC532892C3B900FAFDC2 /* YoutubePlayer.swift in Sources */,
				2C8DEC582893200F00FAFDC2 /* PayView.swift in Sources */,
				2CEAC5F728902CC600A900D6 /* MovieProjectApp.swift in Sources */,
				2CB064CB2890398E00F69DC8 /* ViewModel.swift in Sources */,
			);
			runOnlyForDeploymentPostprocessing = 0;
		};
/* End PBXSourcesBuildPhase section */

/* Begin XCBuildConfiguration section */
		2CEAC5FF28902CC900A900D6 /* Debug */ = {
			isa = XCBuildConfiguration;
			buildSettings = {
				ALWAYS_SEARCH_USER_PATHS = NO;
				CLANG_ANALYZER_NONNULL = YES;
				CLANG_ANALYZER_NUMBER_OBJECT_CONVERSION = YES_AGGRESSIVE;
				CLANG_CXX_LANGUAGE_STANDARD = "gnu++17";
				CLANG_CXX_LIBRARY = "libc++";
				CLANG_ENABLE_MODULES = YES;
				CLANG_ENABLE_OBJC_ARC = YES;
				CLANG_ENABLE_OBJC_WEAK = YES;
				CLANG_WARN_BLOCK_CAPTURE_AUTORELEASING = YES;
				CLANG_WARN_BOOL_CONVERSION = YES;
				CLANG_WARN_COMMA = YES;
				CLANG_WARN_CONSTANT_CONVERSION = YES;
				CLANG_WARN_DEPRECATED_OBJC_IMPLEMENTATIONS = YES;
				CLANG_WARN_DIRECT_OBJC_ISA_USAGE = YES_ERROR;
				CLANG_WARN_DOCUMENTATION_COMMENTS = YES;
				CLANG_WARN_EMPTY_BODY = YES;
				CLANG_WARN_ENUM_CONVERSION = YES;
				CLANG_WARN_INFINITE_RECURSION = YES;
				CLANG_WARN_INT_CONVERSION = YES;
				CLANG_WARN_NON_LITERAL_NULL_CONVERSION = YES;
				CLANG_WARN_OBJC_IMPLICIT_RETAIN_SELF = YES;
				CLANG_WARN_OBJC_LITERAL_CONVERSION = YES;
				CLANG_WARN_OBJC_ROOT_CLASS = YES_ERROR;
				CLANG_WARN_QUOTED_INCLUDE_IN_FRAMEWORK_HEADER = YES;
				CLANG_WARN_RANGE_LOOP_ANALYSIS = YES;
				CLANG_WARN_STRICT_PROTOTYPES = YES;
				CLANG_WARN_SUSPICIOUS_MOVE = YES;
				CLANG_WARN_UNGUARDED_AVAILABILITY = YES_AGGRESSIVE;
				CLANG_WARN_UNREACHABLE_CODE = YES;
				CLANG_WARN__DUPLICATE_METHOD_MATCH = YES;
				COPY_PHASE_STRIP = NO;
				DEBUG_INFORMATION_FORMAT = dwarf;
				ENABLE_STRICT_OBJC_MSGSEND = YES;
				ENABLE_TESTABILITY = YES;
				GCC_C_LANGUAGE_STANDARD = gnu11;
				GCC_DYNAMIC_NO_PIC = NO;
				GCC_NO_COMMON_BLOCKS = YES;
				GCC_OPTIMIZATION_LEVEL = 0;
				GCC_PREPROCESSOR_DEFINITIONS = (
					"DEBUG=1",
					"$(inherited)",
				);
				GCC_WARN_64_TO_32_BIT_CONVERSION = YES;
				GCC_WARN_ABOUT_RETURN_TYPE = YES_ERROR;
				GCC_WARN_UNDECLARED_SELECTOR = YES;
				GCC_WARN_UNINITIALIZED_AUTOS = YES_AGGRESSIVE;
				GCC_WARN_UNUSED_FUNCTION = YES;
				GCC_WARN_UNUSED_VARIABLE = YES;
				IPHONEOS_DEPLOYMENT_TARGET = 15.2;
				MTL_ENABLE_DEBUG_INFO = INCLUDE_SOURCE;
				MTL_FAST_MATH = YES;
				ONLY_ACTIVE_ARCH = YES;
				SDKROOT = iphoneos;
				SWIFT_ACTIVE_COMPILATION_CONDITIONS = DEBUG;
				SWIFT_OPTIMIZATION_LEVEL = "-Onone";
			};
			name = Debug;
		};
		2CEAC60028902CC900A900D6 /* Release */ = {
			isa = XCBuildConfiguration;
			buildSettings = {
				ALWAYS_SEARCH_USER_PATHS = NO;
				CLANG_ANALYZER_NONNULL = YES;
				CLANG_ANALYZER_NUMBER_OBJECT_CONVERSION = YES_AGGRESSIVE;
				CLANG_CXX_LANGUAGE_STANDARD = "gnu++17";
				CLANG_CXX_LIBRARY = "libc++";
				CLANG_ENABLE_MODULES = YES;
				CLANG_ENABLE_OBJC_ARC = YES;
				CLANG_ENABLE_OBJC_WEAK = YES;
				CLANG_WARN_BLOCK_CAPTURE_AUTORELEASING = YES;
				CLANG_WARN_BOOL_CONVERSION = YES;
				CLANG_WARN_COMMA = YES;
				CLANG_WARN_CONSTANT_CONVERSION = YES;
				CLANG_WARN_DEPRECATED_OBJC_IMPLEMENTATIONS = YES;
				CLANG_WARN_DIRECT_OBJC_ISA_USAGE = YES_ERROR;
				CLANG_WARN_DOCUMENTATION_COMMENTS = YES;
				CLANG_WARN_EMPTY_BODY = YES;
				CLANG_WARN_ENUM_CONVERSION = YES;
				CLANG_WARN_INFINITE_RECURSION = YES;
				CLANG_WARN_INT_CONVERSION = YES;
				CLANG_WARN_NON_LITERAL_NULL_CONVERSION = YES;
				CLANG_WARN_OBJC_IMPLICIT_RETAIN_SELF = YES;
				CLANG_WARN_OBJC_LITERAL_CONVERSION = YES;
				CLANG_WARN_OBJC_ROOT_CLASS = YES_ERROR;
				CLANG_WARN_QUOTED_INCLUDE_IN_FRAMEWORK_HEADER = YES;
				CLANG_WARN_RANGE_LOOP_ANALYSIS = YES;
				CLANG_WARN_STRICT_PROTOTYPES = YES;
				CLANG_WARN_SUSPICIOUS_MOVE = YES;
				CLANG_WARN_UNGUARDED_AVAILABILITY = YES_AGGRESSIVE;
				CLANG_WARN_UNREACHABLE_CODE = YES;
				CLANG_WARN__DUPLICATE_METHOD_MATCH = YES;
				COPY_PHASE_STRIP = NO;
				DEBUG_INFORMATION_FORMAT = "dwarf-with-dsym";
				ENABLE_NS_ASSERTIONS = NO;
				ENABLE_STRICT_OBJC_MSGSEND = YES;
				GCC_C_LANGUAGE_STANDARD = gnu11;
				GCC_NO_COMMON_BLOCKS = YES;
				GCC_WARN_64_TO_32_BIT_CONVERSION = YES;
				GCC_WARN_ABOUT_RETURN_TYPE = YES_ERROR;
				GCC_WARN_UNDECLARED_SELECTOR = YES;
				GCC_WARN_UNINITIALIZED_AUTOS = YES_AGGRESSIVE;
				GCC_WARN_UNUSED_FUNCTION = YES;
				GCC_WARN_UNUSED_VARIABLE = YES;
				IPHONEOS_DEPLOYMENT_TARGET = 15.2;
				MTL_ENABLE_DEBUG_INFO = NO;
				MTL_FAST_MATH = YES;
				SDKROOT = iphoneos;
				SWIFT_COMPILATION_MODE = wholemodule;
				SWIFT_OPTIMIZATION_LEVEL = "-O";
				VALIDATE_PRODUCT = YES;
			};
			name = Release;
		};
		2CEAC60228902CC900A900D6 /* Debug */ = {
			isa = XCBuildConfiguration;
			buildSettings = {
				ASSETCATALOG_COMPILER_APPICON_NAME = AppIcon;
				ASSETCATALOG_COMPILER_GLOBAL_ACCENT_COLOR_NAME = AccentColor;
				CODE_SIGN_STYLE = Automatic;
				CURRENT_PROJECT_VERSION = 1;
				DEVELOPMENT_ASSET_PATHS = "\"MovieProject/Preview Content\"";
				DEVELOPMENT_TEAM = 4Q8GDM8WM4;
				ENABLE_PREVIEWS = YES;
				GENERATE_INFOPLIST_FILE = YES;
				INFOPLIST_KEY_UIApplicationSceneManifest_Generation = YES;
				INFOPLIST_KEY_UIApplicationSupportsIndirectInputEvents = YES;
				INFOPLIST_KEY_UILaunchScreen_Generation = YES;
				INFOPLIST_KEY_UISupportedInterfaceOrientations_iPad = "UIInterfaceOrientationPortrait UIInterfaceOrientationPortraitUpsideDown UIInterfaceOrientationLandscapeLeft UIInterfaceOrientationLandscapeRight";
				INFOPLIST_KEY_UISupportedInterfaceOrientations_iPhone = "UIInterfaceOrientationPortrait UIInterfaceOrientationLandscapeLeft UIInterfaceOrientationLandscapeRight";
				LD_RUNPATH_SEARCH_PATHS = (
					"$(inherited)",
					"@executable_path/Frameworks",
				);
				MARKETING_VERSION = 1.0;
				PRODUCT_BUNDLE_IDENTIFIER = com.TheAppMedia.MovieProject;
				PRODUCT_NAME = "$(TARGET_NAME)";
				SWIFT_EMIT_LOC_STRINGS = YES;
				SWIFT_VERSION = 5.0;
				TARGETED_DEVICE_FAMILY = "1,2";
			};
			name = Debug;
		};
		2CEAC60328902CC900A900D6 /* Release */ = {
			isa = XCBuildConfiguration;
			buildSettings = {
				ASSETCATALOG_COMPILER_APPICON_NAME = AppIcon;
				ASSETCATALOG_COMPILER_GLOBAL_ACCENT_COLOR_NAME = AccentColor;
				CODE_SIGN_STYLE = Automatic;
				CURRENT_PROJECT_VERSION = 1;
				DEVELOPMENT_ASSET_PATHS = "\"MovieProject/Preview Content\"";
				DEVELOPMENT_TEAM = 4Q8GDM8WM4;
				ENABLE_PREVIEWS = YES;
				GENERATE_INFOPLIST_FILE = YES;
				INFOPLIST_KEY_UIApplicationSceneManifest_Generation = YES;
				INFOPLIST_KEY_UIApplicationSupportsIndirectInputEvents = YES;
				INFOPLIST_KEY_UILaunchScreen_Generation = YES;
				INFOPLIST_KEY_UISupportedInterfaceOrientations_iPad = "UIInterfaceOrientationPortrait UIInterfaceOrientationPortraitUpsideDown UIInterfaceOrientationLandscapeLeft UIInterfaceOrientationLandscapeRight";
				INFOPLIST_KEY_UISupportedInterfaceOrientations_iPhone = "UIInterfaceOrientationPortrait UIInterfaceOrientationLandscapeLeft UIInterfaceOrientationLandscapeRight";
				LD_RUNPATH_SEARCH_PATHS = (
					"$(inherited)",
					"@executable_path/Frameworks",
				);
				MARKETING_VERSION = 1.0;
				PRODUCT_BUNDLE_IDENTIFIER = com.TheAppMedia.MovieProject;
				PRODUCT_NAME = "$(TARGET_NAME)";
				SWIFT_EMIT_LOC_STRINGS = YES;
				SWIFT_VERSION = 5.0;
				TARGETED_DEVICE_FAMILY = "1,2";
			};
			name = Release;
		};
/* End XCBuildConfiguration section */

/* Begin XCConfigurationList section */
		2CEAC5EE28902CC600A900D6 /* Build configuration list for PBXProject "MovieProject" */ = {
			isa = XCConfigurationList;
			buildConfigurations = (
				2CEAC5FF28902CC900A900D6 /* Debug */,
				2CEAC60028902CC900A900D6 /* Release */,
			);
			defaultConfigurationIsVisible = 0;
			defaultConfigurationName = Release;
		};
		2CEAC60128902CC900A900D6 /* Build configuration list for PBXNativeTarget "MovieProject" */ = {
			isa = XCConfigurationList;
			buildConfigurations = (
				2CEAC60228902CC900A900D6 /* Debug */,
				2CEAC60328902CC900A900D6 /* Release */,
			);
			defaultConfigurationIsVisible = 0;
			defaultConfigurationName = Release;
		};
/* End XCConfigurationList section */

/* Begin XCRemoteSwiftPackageReference section */
		2C8DEC542892D48C00FAFDC2 /* XCRemoteSwiftPackageReference "YouTubePlayerKit" */ = {
			isa = XCRemoteSwiftPackageReference;
			repositoryURL = "https://github.com/SvenTiigi/YouTubePlayerKit.git";
			requirement = {
				kind = upToNextMajorVersion;
				minimumVersion = 1.0.0;
			};
		};
/* End XCRemoteSwiftPackageReference section */

/* Begin XCSwiftPackageProductDependency section */
		2C8DEC552892D48C00FAFDC2 /* YouTubePlayerKit */ = {
			isa = XCSwiftPackageProductDependency;
			package = 2C8DEC542892D48C00FAFDC2 /* XCRemoteSwiftPackageReference "YouTubePlayerKit" */;
			productName = YouTubePlayerKit;
		};
/* End XCSwiftPackageProductDependency section */
	};
	rootObject = 2CEAC5EB28902CC600A900D6 /* Project object */;
}
